
Microsoft Visual Studio Solution File, Format Version 12.00
# Visual Studio Version 16
VisualStudioVersion = 16.0.29306.81
MinimumVisualStudioVersion = 10.0.40219.1
Project("{FAE04EC0-301F-11D3-BF4B-00C04F79EFBC}") = "WebApplication", "WebApplication\WebApplication.csproj", "{1D945A90-CEDB-481F-8138-6C7DA014BA44}"
EndProject
Global
	GlobalSection(SolutionConfigurationPlatforms) = preSolution
		Debug|Any CPU = Debug|Any CPU
		Release|Any CPU = Release|Any CPU
	EndGlobalSection
	GlobalSection(ProjectConfigurationPlatforms) = postSolution
		{1D945A90-CEDB-481F-8138-6C7DA014BA44}.Debug|Any CPU.ActiveCfg = Debug|Any CPU
		{1D945A90-CEDB-481F-8138-6C7DA014BA44}.Debug|Any CPU.Build.0 = Debug|Any CPU
		{1D945A90-CEDB-481F-8138-6C7DA014BA44}.Release|Any CPU.ActiveCfg = Release|Any CPU
		{1D945A90-CEDB-481F-8138-6C7DA014BA44}.Release|Any CPU.Build.0 = Release|Any CPU
	EndGlobalSection
	GlobalSection(SolutionProperties) = preSolution
		HideSolutionNode = FALSE
	EndGlobalSection
	GlobalSection(ExtensibilityGlobals) = postSolution
		SolutionGuid = {A460EDE3-F1C4-412A-A883-C90ECD1D6AB7}
	EndGlobalSection
EndGlobal
